
Microsoft Visual Studio Solution File, Format Version 12.00
# Visual Studio Version 17
VisualStudioVersion = 17.5.002.0
MinimumVisualStudioVersion = 10.0.40219.1
Project("{9A19103F-16F7-4668-BE54-9A1E7A4F7556}") = "2d-portal", "2d-portal.csproj", "{D05A4944-E1C1-4F20-8497-D43611EF73A0}"
EndProject
Global
	GlobalSection(SolutionConfigurationPlatforms) = preSolution
		Debug|Any CPU = Debug|Any CPU
		Release|Any CPU = Release|Any CPU
	EndGlobalSection
	GlobalSection(ProjectConfigurationPlatforms) = postSolution
		{D05A4944-E1C1-4F20-8497-D43611EF73A0}.Debug|Any CPU.ActiveCfg = Debug|Any CPU
		{D05A4944-E1C1-4F20-8497-D43611EF73A0}.Debug|Any CPU.Build.0 = Debug|Any CPU
		{D05A4944-E1C1-4F20-8497-D43611EF73A0}.Release|Any CPU.ActiveCfg = Release|Any CPU
		{D05A4944-E1C1-4F20-8497-D43611EF73A0}.Release|Any CPU.Build.0 = Release|Any CPU
	EndGlobalSection
	GlobalSection(SolutionProperties) = preSolution
		HideSolutionNode = FALSE
	EndGlobalSection
	GlobalSection(ExtensibilityGlobals) = postSolution
		SolutionGuid = {9102DA23-5564-45FA-8223-2DCC5F27E0B5}
	EndGlobalSection
EndGlobal
